
Microsoft Visual Studio Solution File, Format Version 12.00
# Visual Studio 15
VisualStudioVersion = 15.0.27004.2009
MinimumVisualStudioVersion = 10.0.40219.1
Project("{9A19103F-16F7-4668-BE54-9A1E7A4F7556}") = "Parker old", "Parker\Parker old.csproj", "{26A6A850-6A87-4658-B3B3-8F7FD83914CD}"
EndProject
Project("{FAE04EC0-301F-11D3-BF4B-00C04F79EFBC}") = "RecordingDeviceSimulator", "..\RecordingDeviceSimulator\RecordingDeviceSimulator\RecordingDeviceSimulator\RecordingDeviceSimulator.csproj", "{562C7166-DF02-4CBB-8CA4-00E44C54B62B}"
EndProject
Project("{FAE04EC0-301F-11D3-BF4B-00C04F79EFBC}") = "Parker new", "..\ParkerNew\Parker new\Parker new.csproj", "{88EED7CE-DC8F-44C2-B57C-A357AC954F1F}"
EndProject
Global
	GlobalSection(SolutionConfigurationPlatforms) = preSolution
		Debug|Any CPU = Debug|Any CPU
		Release|Any CPU = Release|Any CPU
	EndGlobalSection
	GlobalSection(ProjectConfigurationPlatforms) = postSolution
		{26A6A850-6A87-4658-B3B3-8F7FD83914CD}.Debug|Any CPU.ActiveCfg = Debug|Any CPU
		{26A6A850-6A87-4658-B3B3-8F7FD83914CD}.Debug|Any CPU.Build.0 = Debug|Any CPU
		{26A6A850-6A87-4658-B3B3-8F7FD83914CD}.Release|Any CPU.ActiveCfg = Release|Any CPU
		{26A6A850-6A87-4658-B3B3-8F7FD83914CD}.Release|Any CPU.Build.0 = Release|Any CPU
		{562C7166-DF02-4CBB-8CA4-00E44C54B62B}.Debug|Any CPU.ActiveCfg = Debug|Any CPU
		{562C7166-DF02-4CBB-8CA4-00E44C54B62B}.Debug|Any CPU.Build.0 = Debug|Any CPU
		{562C7166-DF02-4CBB-8CA4-00E44C54B62B}.Release|Any CPU.ActiveCfg = Release|Any CPU
		{562C7166-DF02-4CBB-8CA4-00E44C54B62B}.Release|Any CPU.Build.0 = Release|Any CPU
		{88EED7CE-DC8F-44C2-B57C-A357AC954F1F}.Debug|Any CPU.ActiveCfg = Debug|Any CPU
		{88EED7CE-DC8F-44C2-B57C-A357AC954F1F}.Debug|Any CPU.Build.0 = Debug|Any CPU
		{88EED7CE-DC8F-44C2-B57C-A357AC954F1F}.Release|Any CPU.ActiveCfg = Release|Any CPU
		{88EED7CE-DC8F-44C2-B57C-A357AC954F1F}.Release|Any CPU.Build.0 = Release|Any CPU
	EndGlobalSection
	GlobalSection(SolutionProperties) = preSolution
		HideSolutionNode = FALSE
	EndGlobalSection
	GlobalSection(ExtensibilityGlobals) = postSolution
		SolutionGuid = {88A0B053-645F-4415-9DC8-59B6612CA290}
	EndGlobalSection
EndGlobal
